
Microsoft Visual Studio Solution File, Format Version 12.00
# Visual Studio Version 17
VisualStudioVersion = 17.9.34607.119
MinimumVisualStudioVersion = 10.0.40219.1
Project("{FAE04EC0-301F-11D3-BF4B-00C04F79EFBC}") = "clase 5", "clase 5\clase 5.csproj", "{B68F6B5C-D49E-4D30-B63B-CA5F7693B545}"
EndProject
Global
	GlobalSection(SolutionConfigurationPlatforms) = preSolution
		Debug|Any CPU = Debug|Any CPU
		Release|Any CPU = Release|Any CPU
	EndGlobalSection
	GlobalSection(ProjectConfigurationPlatforms) = postSolution
		{B68F6B5C-D49E-4D30-B63B-CA5F7693B545}.Debug|Any CPU.ActiveCfg = Debug|Any CPU
		{B68F6B5C-D49E-4D30-B63B-CA5F7693B545}.Debug|Any CPU.Build.0 = Debug|Any CPU
		{B68F6B5C-D49E-4D30-B63B-CA5F7693B545}.Release|Any CPU.ActiveCfg = Release|Any CPU
		{B68F6B5C-D49E-4D30-B63B-CA5F7693B545}.Release|Any CPU.Build.0 = Release|Any CPU
	EndGlobalSection
	GlobalSection(SolutionProperties) = preSolution
		HideSolutionNode = FALSE
	EndGlobalSection
	GlobalSection(ExtensibilityGlobals) = postSolution
		SolutionGuid = {9324B197-CC16-49EF-8EA1-F5866022C711}
	EndGlobalSection
EndGlobal
